
Microsoft Visual Studio Solution File, Format Version 12.00
# Visual Studio Version 16
VisualStudioVersion = 16.0.30104.148
MinimumVisualStudioVersion = 10.0.40219.1
Project("{FAE04EC0-301F-11D3-BF4B-00C04F79EFBC}") = "OnlineRegSystem", "OnlineRegSystem\OnlineRegSystem.csproj", "{88E89130-2A31-4485-A70E-45D72B74F9CA}"
EndProject
Global
	GlobalSection(SolutionConfigurationPlatforms) = preSolution
		Debug|Any CPU = Debug|Any CPU
		Release|Any CPU = Release|Any CPU
	EndGlobalSection
	GlobalSection(ProjectConfigurationPlatforms) = postSolution
		{88E89130-2A31-4485-A70E-45D72B74F9CA}.Debug|Any CPU.ActiveCfg = Debug|Any CPU
		{88E89130-2A31-4485-A70E-45D72B74F9CA}.Debug|Any CPU.Build.0 = Debug|Any CPU
		{88E89130-2A31-4485-A70E-45D72B74F9CA}.Release|Any CPU.ActiveCfg = Release|Any CPU
		{88E89130-2A31-4485-A70E-45D72B74F9CA}.Release|Any CPU.Build.0 = Release|Any CPU
	EndGlobalSection
	GlobalSection(SolutionProperties) = preSolution
		HideSolutionNode = FALSE
	EndGlobalSection
	GlobalSection(ExtensibilityGlobals) = postSolution
		SolutionGuid = {10EE70B2-35B0-407E-9FC8-A7F30350310D}
	EndGlobalSection
EndGlobal
